<?xml version="1.0" encoding="utf-8"?>
<Project ToolsVersion="4.0" xmlns="http://schemas.microsoft.com/developer/msbuild/2003">
  <ItemGroup>
    <Filter Include="Archivos de origen">
      <UniqueIdentifier>{4FC737F1-C7A5-4376-A066-2A32D752A2FF}</UniqueIdentifier>
      <Extensions>cpp;c;cc;cxx;c++;cppm;ixx;def;odl;idl;hpj;bat;asm;asmx</Extensions>
    </Filter>
    <Filter Include="Archivos de encabezado">
      <UniqueIdentifier>{93995380-89BD-4b04-88EB-625FBE52EBFB}</UniqueIdentifier>
      <Extensions>h;hh;hpp;hxx;h++;hm;inl;inc;ipp;xsd</Extensions>
    </Filter>
    <Filter Include="Archivos de recursos">
      <UniqueIdentifier>{67DA6AB6-F800-4c08-8B7A-83BB121AAD01}</UniqueIdentifier>
      <Extensions>rc;ico;cur;bmp;dlg;rc2;rct;bin;rgs;gif;jpg;jpeg;jpe;resx;tiff;tif;png;wav;mfcribbon-ms</Extensions>
    </Filter>
  </ItemGroup>
  <ItemGroup>
    <ClCompile Include="main.cpp">
      <Filter>Archivos de origen</Filter>
    </ClCompile>
    <ClCompile Include="usuari.cxx">
      <Filter>Archivos de origen</Filter>
    </ClCompile>
    <ClCompile Include="usuari-odb.cxx">
      <Filter>Archivos de origen</Filter>
    </ClCompile>
    <ClCompile Include="connexioBD.cxx">
      <Filter>Archivos de origen</Filter>
    </ClCompile>
    <ClCompile Include="CapaDePresentacio.cxx">
      <Filter>Archivos de origen</Filter>
    </ClCompile>
    <ClCompile Include="experiencia.cxx">
      <Filter>Archivos de origen</Filter>
    </ClCompile>
    <ClCompile Include="escapada.cxx">
      <Filter>Archivos de origen</Filter>
    </ClCompile>
    <ClCompile Include="activitat.cxx">
      <Filter>Archivos de origen</Filter>
    </ClCompile>
    <ClCompile Include="reserva.cxx">
      <Filter>Archivos de origen</Filter>
    </ClCompile>
    <ClCompile Include="DTOUsuari.cxx">
      <Filter>Archivos de origen</Filter>
    </ClCompile>
    <ClCompile Include="DAOUsuari.cxx">
      <Filter>Archivos de origen</Filter>
    </ClCompile>
    <ClCompile Include="PlanGo.cxx">
      <Filter>Archivos de origen</Filter>
    </ClCompile>
    <ClCompile Include="CtrlIniciSessio.cxx">
      <Filter>Archivos de origen</Filter>
    </ClCompile>
    <ClCompile Include="CtrlRegistraUsuari.cxx">
      <Filter>Archivos de origen</Filter>
    </ClCompile>
    <ClCompile Include="CtrlTancaSessio.cxx">
      <Filter>Archivos de origen</Filter>
    </ClCompile>
    <ClCompile Include="CtrlConsultaUsuari.cxx">
      <Filter>Archivos de origen</Filter>
    </ClCompile>
    <ClCompile Include="CtrlModificaUsuari.cxx">
      <Filter>Archivos de origen</Filter>
    </ClCompile>
    <ClCompile Include="CtrlEsborrarUsuari.cxx">
      <Filter>Archivos de origen</Filter>
    </ClCompile>
    <ClCompile Include="DTOExperiencia.cxx">
      <Filter>Archivos de origen</Filter>
    </ClCompile>
    <ClCompile Include="DAOEscapada.cxx">
      <Filter>Archivos de origen</Filter>
    </ClCompile>
    <ClCompile Include="CtrlReservaEscapada.cxx">
      <Filter>Archivos de origen</Filter>
    </ClCompile>
    <ClCompile Include="activitat-odb.cxx">
      <Filter>Archivos de origen</Filter>
    </ClCompile>
    <ClCompile Include="reserva-odb.cxx">
      <Filter>Archivos de origen</Filter>
    </ClCompile>
    <ClCompile Include="escapada-odb.cxx">
      <Filter>Archivos de origen</Filter>
    </ClCompile>
    <ClCompile Include="experiencia-odb.cxx">
      <Filter>Archivos de origen</Filter>
    </ClCompile>
    <ClCompile Include="CtrlReservaActivitat.cxx">
      <Filter>Archivos de origen</Filter>
    </ClCompile>
    <ClCompile Include="DAOActivitat.cxx">
      <Filter>Archivos de origen</Filter>
    </ClCompile>
    <ClCompile Include="DAOReserva.cxx">
      <Filter>Archivos de origen</Filter>
    </ClCompile>
    <ClCompile Include="CtrlConsultaExperiencies.cxx">
      <Filter>Archivos de origen</Filter>
    </ClCompile>
  </ItemGroup>
  <ItemGroup>
    <ClInclude Include="usuari.hxx">
      <Filter>Archivos de encabezado</Filter>
    </ClInclude>
    <ClInclude Include="usuari-odb.hxx">
      <Filter>Archivos de encabezado</Filter>
    </ClInclude>
    <ClInclude Include="CapaDePresentacio.hxx">
      <Filter>Archivos de encabezado</Filter>
    </ClInclude>
    <ClInclude Include="DTOUsuari.hxx">
      <Filter>Archivos de encabezado</Filter>
    </ClInclude>
    <ClInclude Include="connexioBD.hxx">
      <Filter>Archivos de encabezado</Filter>
    </ClInclude>
    <ClInclude Include="model.hxx">
      <Filter>Archivos de encabezado</Filter>
    </ClInclude>
    <ClInclude Include="experiencia.hxx">
      <Filter>Archivos de encabezado</Filter>
    </ClInclude>
    <ClInclude Include="escapada.hxx">
      <Filter>Archivos de encabezado</Filter>
    </ClInclude>
    <ClInclude Include="activitat.hxx">
      <Filter>Archivos de encabezado</Filter>
    </ClInclude>
    <ClInclude Include="reserva.hxx">
      <Filter>Archivos de encabezado</Filter>
    </ClInclude>
    <ClInclude Include="DAOUsuari.hxx">
      <Filter>Archivos de encabezado</Filter>
    </ClInclude>
    <ClInclude Include="PlanGo.hxx">
      <Filter>Archivos de encabezado</Filter>
    </ClInclude>
    <ClInclude Include="CtrlIniciSessio.hxx">
      <Filter>Archivos de encabezado</Filter>
    </ClInclude>
    <ClInclude Include="CtrlRegistraUsuari.hxx">
      <Filter>Archivos de encabezado</Filter>
    </ClInclude>
    <ClInclude Include="CtrlTancaSessio.hxx">
      <Filter>Archivos de encabezado</Filter>
    </ClInclude>
    <ClInclude Include="CtrlConsultaUsuari.hxx">
      <Filter>Archivos de encabezado</Filter>
    </ClInclude>
    <ClInclude Include="CtrlModificaUsuari.hxx">
      <Filter>Archivos de encabezado</Filter>
    </ClInclude>
    <ClInclude Include="CtrlEsborrarUsuari.hxx">
      <Filter>Archivos de encabezado</Filter>
    </ClInclude>
    <ClInclude Include="Excepcions.hxx">
      <Filter>Archivos de encabezado</Filter>
    </ClInclude>
    <ClInclude Include="DTOExperiencia.hxx">
      <Filter>Archivos de encabezado</Filter>
    </ClInclude>
    <ClInclude Include="DAOEscapada.hxx">
      <Filter>Archivos de encabezado</Filter>
    </ClInclude>
    <ClInclude Include="CtrlReservaEscapada.hxx">
      <Filter>Archivos de encabezado</Filter>
    </ClInclude>
    <ClInclude Include="CtrlReservaActivitat.hxx">
      <Filter>Archivos de encabezado</Filter>
    </ClInclude>
    <ClInclude Include="DAOActivitat.hxx">
      <Filter>Archivos de encabezado</Filter>
    </ClInclude>
    <ClInclude Include="DAOReserva.hxx">
      <Filter>Archivos de encabezado</Filter>
    </ClInclude>
    <ClInclude Include="CtrlConsultaExperiencies.hxx">
      <Filter>Archivos de encabezado</Filter>
    </ClInclude>
  </ItemGroup>
  <ItemGroup>
    <None Include="usuari.sql" />
    <None Include="configuracio.env">
      <Filter>Archivos de recursos</Filter>
    </None>
    <None Include="usuari-odb.ixx">
      <Filter>Archivos de origen</Filter>
    </None>
  </ItemGroup>
</Project>